
Microsoft Visual Studio Solution File, Format Version 12.00
# Visual Studio Version 17
VisualStudioVersion = 17.10.34928.147
MinimumVisualStudioVersion = 10.0.40219.1
Project("{FAE04EC0-301F-11D3-BF4B-00C04F79EFBC}") = "PamerYuk", "PamerYuk\PamerYuk.csproj", "{EB054024-F91B-475B-AC4F-47616AC38E93}"
EndProject
Project("{FAE04EC0-301F-11D3-BF4B-00C04F79EFBC}") = "PamerYuk_Library", "PamerYuk_Library\PamerYuk_Library.csproj", "{EA4F8AE8-F3C9-454D-BF40-CE6059371CA4}"
EndProject
Global
	GlobalSection(SolutionConfigurationPlatforms) = preSolution
		Debug|Any CPU = Debug|Any CPU
		Release|Any CPU = Release|Any CPU
	EndGlobalSection
	GlobalSection(ProjectConfigurationPlatforms) = postSolution
		{EB054024-F91B-475B-AC4F-47616AC38E93}.Debug|Any CPU.ActiveCfg = Debug|Any CPU
		{EB054024-F91B-475B-AC4F-47616AC38E93}.Debug|Any CPU.Build.0 = Debug|Any CPU
		{EB054024-F91B-475B-AC4F-47616AC38E93}.Release|Any CPU.ActiveCfg = Release|Any CPU
		{EB054024-F91B-475B-AC4F-47616AC38E93}.Release|Any CPU.Build.0 = Release|Any CPU
		{EA4F8AE8-F3C9-454D-BF40-CE6059371CA4}.Debug|Any CPU.ActiveCfg = Debug|Any CPU
		{EA4F8AE8-F3C9-454D-BF40-CE6059371CA4}.Debug|Any CPU.Build.0 = Debug|Any CPU
		{EA4F8AE8-F3C9-454D-BF40-CE6059371CA4}.Release|Any CPU.ActiveCfg = Release|Any CPU
		{EA4F8AE8-F3C9-454D-BF40-CE6059371CA4}.Release|Any CPU.Build.0 = Release|Any CPU
	EndGlobalSection
	GlobalSection(SolutionProperties) = preSolution
		HideSolutionNode = FALSE
	EndGlobalSection
	GlobalSection(ExtensibilityGlobals) = postSolution
		SolutionGuid = {1256212B-678D-4B4F-AA17-0C5E925A47A4}
	EndGlobalSection
EndGlobal
